
Microsoft Visual Studio Solution File, Format Version 12.00
# Visual Studio 15
VisualStudioVersion = 15.0.28307.438
MinimumVisualStudioVersion = 10.0.40219.1
Project("{8BC9CEB8-8B4A-11D0-8D11-00A0C91BC942}") = "BinaryMultiplication", "BinaryMultiplication\BinaryMultiplication.vcxproj", "{84219812-49D7-490B-9E5D-A52CBFC18CEC}"
EndProject
Project("{8BC9CEB8-8B4A-11D0-8D11-00A0C91BC942}") = "BM2", "BM2\BM2.vcxproj", "{960A40EA-D8A7-468D-8D5D-E6357FA0B5C2}"
EndProject
Project("{8BC9CEB8-8B4A-11D0-8D11-00A0C91BC942}") = "BM3", "BM3\BM3.vcxproj", "{C63F860D-5E30-4796-8E6A-4727B4D34E07}"
EndProject
Project("{8BC9CEB8-8B4A-11D0-8D11-00A0C91BC942}") = "BM4", "BM4\BM4.vcxproj", "{37B37752-80A6-47CA-93BB-BAD208F6CEED}"
EndProject
Project("{8BC9CEB8-8B4A-11D0-8D11-00A0C91BC942}") = "BM5", "BM5\BM5.vcxproj", "{5216D5CA-4858-49E8-A1E7-09B4699875C8}"
EndProject
Project("{8BC9CEB8-8B4A-11D0-8D11-00A0C91BC942}") = "TEMPLATE", "TEMPLATE\TEMPLATE.vcxproj", "{B145414D-FA7D-40DA-8759-5D3B2A96640F}"
EndProject
Global
	GlobalSection(SolutionConfigurationPlatforms) = preSolution
		Debug|x64 = Debug|x64
		Debug|x86 = Debug|x86
		Release|x64 = Release|x64
		Release|x86 = Release|x86
	EndGlobalSection
	GlobalSection(ProjectConfigurationPlatforms) = postSolution
		{84219812-49D7-490B-9E5D-A52CBFC18CEC}.Debug|x64.ActiveCfg = Debug|x64
		{84219812-49D7-490B-9E5D-A52CBFC18CEC}.Debug|x64.Build.0 = Debug|x64
		{84219812-49D7-490B-9E5D-A52CBFC18CEC}.Debug|x86.ActiveCfg = Debug|Win32
		{84219812-49D7-490B-9E5D-A52CBFC18CEC}.Debug|x86.Build.0 = Debug|Win32
		{84219812-49D7-490B-9E5D-A52CBFC18CEC}.Release|x64.ActiveCfg = Release|x64
		{84219812-49D7-490B-9E5D-A52CBFC18CEC}.Release|x64.Build.0 = Release|x64
		{84219812-49D7-490B-9E5D-A52CBFC18CEC}.Release|x86.ActiveCfg = Release|Win32
		{84219812-49D7-490B-9E5D-A52CBFC18CEC}.Release|x86.Build.0 = Release|Win32
		{960A40EA-D8A7-468D-8D5D-E6357FA0B5C2}.Debug|x64.ActiveCfg = Debug|x64
		{960A40EA-D8A7-468D-8D5D-E6357FA0B5C2}.Debug|x64.Build.0 = Debug|x64
		{960A40EA-D8A7-468D-8D5D-E6357FA0B5C2}.Debug|x86.ActiveCfg = Debug|Win32
		{960A40EA-D8A7-468D-8D5D-E6357FA0B5C2}.Debug|x86.Build.0 = Debug|Win32
		{960A40EA-D8A7-468D-8D5D-E6357FA0B5C2}.Release|x64.ActiveCfg = Release|x64
		{960A40EA-D8A7-468D-8D5D-E6357FA0B5C2}.Release|x64.Build.0 = Release|x64
		{960A40EA-D8A7-468D-8D5D-E6357FA0B5C2}.Release|x86.ActiveCfg = Release|Win32
		{960A40EA-D8A7-468D-8D5D-E6357FA0B5C2}.Release|x86.Build.0 = Release|Win32
		{C63F860D-5E30-4796-8E6A-4727B4D34E07}.Debug|x64.ActiveCfg = Debug|x64
		{C63F860D-5E30-4796-8E6A-4727B4D34E07}.Debug|x64.Build.0 = Debug|x64
		{C63F860D-5E30-4796-8E6A-4727B4D34E07}.Debug|x86.ActiveCfg = Debug|Win32
		{C63F860D-5E30-4796-8E6A-4727B4D34E07}.Debug|x86.Build.0 = Debug|Win32
		{C63F860D-5E30-4796-8E6A-4727B4D34E07}.Release|x64.ActiveCfg = Release|x64
		{C63F860D-5E30-4796-8E6A-4727B4D34E07}.Release|x64.Build.0 = Release|x64
		{C63F860D-5E30-4796-8E6A-4727B4D34E07}.Release|x86.ActiveCfg = Release|Win32
		{C63F860D-5E30-4796-8E6A-4727B4D34E07}.Release|x86.Build.0 = Release|Win32
		{37B37752-80A6-47CA-93BB-BAD208F6CEED}.Debug|x64.ActiveCfg = Debug|x64
		{37B37752-80A6-47CA-93BB-BAD208F6CEED}.Debug|x64.Build.0 = Debug|x64
		{37B37752-80A6-47CA-93BB-BAD208F6CEED}.Debug|x86.ActiveCfg = Debug|Win32
		{37B37752-80A6-47CA-93BB-BAD208F6CEED}.Debug|x86.Build.0 = Debug|Win32
		{37B37752-80A6-47CA-93BB-BAD208F6CEED}.Release|x64.ActiveCfg = Release|x64
		{37B37752-80A6-47CA-93BB-BAD208F6CEED}.Release|x64.Build.0 = Release|x64
		{37B37752-80A6-47CA-93BB-BAD208F6CEED}.Release|x86.ActiveCfg = Release|Win32
		{37B37752-80A6-47CA-93BB-BAD208F6CEED}.Release|x86.Build.0 = Release|Win32
		{5216D5CA-4858-49E8-A1E7-09B4699875C8}.Debug|x64.ActiveCfg = Debug|x64
		{5216D5CA-4858-49E8-A1E7-09B4699875C8}.Debug|x64.Build.0 = Debug|x64
		{5216D5CA-4858-49E8-A1E7-09B4699875C8}.Debug|x86.ActiveCfg = Debug|Win32
		{5216D5CA-4858-49E8-A1E7-09B4699875C8}.Debug|x86.Build.0 = Debug|Win32
		{5216D5CA-4858-49E8-A1E7-09B4699875C8}.Release|x64.ActiveCfg = Release|x64
		{5216D5CA-4858-49E8-A1E7-09B4699875C8}.Release|x64.Build.0 = Release|x64
		{5216D5CA-4858-49E8-A1E7-09B4699875C8}.Release|x86.ActiveCfg = Release|Win32
		{5216D5CA-4858-49E8-A1E7-09B4699875C8}.Release|x86.Build.0 = Release|Win32
		{B145414D-FA7D-40DA-8759-5D3B2A96640F}.Debug|x64.ActiveCfg = Debug|x64
		{B145414D-FA7D-40DA-8759-5D3B2A96640F}.Debug|x64.Build.0 = Debug|x64
		{B145414D-FA7D-40DA-8759-5D3B2A96640F}.Debug|x86.ActiveCfg = Debug|Win32
		{B145414D-FA7D-40DA-8759-5D3B2A96640F}.Debug|x86.Build.0 = Debug|Win32
		{B145414D-FA7D-40DA-8759-5D3B2A96640F}.Release|x64.ActiveCfg = Release|x64
		{B145414D-FA7D-40DA-8759-5D3B2A96640F}.Release|x64.Build.0 = Release|x64
		{B145414D-FA7D-40DA-8759-5D3B2A96640F}.Release|x86.ActiveCfg = Release|Win32
		{B145414D-FA7D-40DA-8759-5D3B2A96640F}.Release|x86.Build.0 = Release|Win32
	EndGlobalSection
	GlobalSection(SolutionProperties) = preSolution
		HideSolutionNode = FALSE
	EndGlobalSection
	GlobalSection(ExtensibilityGlobals) = postSolution
		SolutionGuid = {492FC84C-CEBE-4DBA-840F-C092C516D150}
	EndGlobalSection
EndGlobal
